<?xml version="1.0" encoding="utf-8"?>
<Project ToolsVersion="4.0" xmlns="http://schemas.microsoft.com/developer/msbuild/2003">
  <ItemGroup>
    <Filter Include="Source Files">
      <UniqueIdentifier>{4FC737F1-C7A5-4376-A066-2A32D752A2FF}</UniqueIdentifier>
      <Extensions>cpp;c;cc;cxx;def;odl;idl;hpj;bat;asm;asmx</Extensions>
    </Filter>
    <Filter Include="Header Files">
      <UniqueIdentifier>{93995380-89BD-4b04-88EB-625FBE52EBFB}</UniqueIdentifier>
      <Extensions>h;hh;hpp;hxx;hm;inl;inc;xsd</Extensions>
    </Filter>
    <Filter Include="Resource Files">
      <UniqueIdentifier>{67DA6AB6-F800-4c08-8B7A-83BB121AAD01}</UniqueIdentifier>
      <Extensions>rc;ico;cur;bmp;dlg;rc2;rct;bin;rgs;gif;jpg;jpeg;jpe;resx;tiff;tif;png;wav;mfcribbon-ms</Extensions>
    </Filter>
    <Filter Include="Demo">
      <UniqueIdentifier>{c4512b2e-0666-4380-b0c8-2c2aa9d861ca}</UniqueIdentifier>
    </Filter>
  </ItemGroup>
  <ItemGroup>
    <ClInclude Include="precision.h">
      <Filter>Header Files</Filter>
    </ClInclude>
    <ClInclude Include="particle.h">
      <Filter>Header Files</Filter>
    </ClInclude>
    <ClInclude Include="core.h">
      <Filter>Header Files</Filter>
    </ClInclude>
    <ClInclude Include="graphics.h">
      <Filter>Header Files</Filter>
    </ClInclude>
    <ClInclude Include="pfgen.h">
      <Filter>Header Files</Filter>
    </ClInclude>
    <ClInclude Include="pcontacts.h">
      <Filter>Header Files</Filter>
    </ClInclude>
    <ClInclude Include="plinks.h">
      <Filter>Header Files</Filter>
    </ClInclude>
    <ClInclude Include="pworld.h">
      <Filter>Header Files</Filter>
    </ClInclude>
    <ClInclude Include="app.h">
      <Filter>Header Files</Filter>
    </ClInclude>
    <ClInclude Include="body.h">
      <Filter>Header Files</Filter>
    </ClInclude>
    <ClInclude Include="fgen.h">
      <Filter>Header Files</Filter>
    </ClInclude>
    <ClInclude Include="world.h">
      <Filter>Header Files</Filter>
    </ClInclude>
    <ClInclude Include="collide_coarse.h">
      <Filter>Header Files</Filter>
    </ClInclude>
    <ClInclude Include="collide_fine.h">
      <Filter>Header Files</Filter>
    </ClInclude>
    <ClInclude Include="contacts.h">
      <Filter>Header Files</Filter>
    </ClInclude>
    <ClInclude Include="joints.h">
      <Filter>Header Files</Filter>
    </ClInclude>
    <ClInclude Include="car.h">
      <Filter>Demo</Filter>
    </ClInclude>
    <ClInclude Include="cradle.h">
      <Filter>Demo</Filter>
    </ClInclude>
    <ClInclude Include="pool.h">
      <Filter>Demo</Filter>
    </ClInclude>
    <ClInclude Include="sandBox.h">
      <Filter>Demo</Filter>
    </ClInclude>
    <ClInclude Include="bridge.h">
      <Filter>Demo</Filter>
    </ClInclude>
    <ClInclude Include="domino.h">
      <Filter>Demo</Filter>
    </ClInclude>
    <ClInclude Include="curtain.h">
      <Filter>Demo</Filter>
    </ClInclude>
    <ClInclude Include="piston.h">
      <Filter>Demo</Filter>
    </ClInclude>
  </ItemGroup>
  <ItemGroup>
    <ClCompile Include="particle.cpp">
      <Filter>Source Files</Filter>
    </ClCompile>
    <ClCompile Include="graphics.cpp">
      <Filter>Source Files</Filter>
    </ClCompile>
    <ClCompile Include="core.cpp">
      <Filter>Source Files</Filter>
    </ClCompile>
    <ClCompile Include="main.cpp">
      <Filter>Source Files</Filter>
    </ClCompile>
    <ClCompile Include="pfgen.cpp">
      <Filter>Source Files</Filter>
    </ClCompile>
    <ClCompile Include="pcontacts.cpp">
      <Filter>Source Files</Filter>
    </ClCompile>
    <ClCompile Include="plinks.cpp">
      <Filter>Source Files</Filter>
    </ClCompile>
    <ClCompile Include="pworld.cpp">
      <Filter>Source Files</Filter>
    </ClCompile>
    <ClCompile Include="body.cpp">
      <Filter>Source Files</Filter>
    </ClCompile>
    <ClCompile Include="fgen.cpp">
      <Filter>Source Files</Filter>
    </ClCompile>
    <ClCompile Include="world.cpp">
      <Filter>Source Files</Filter>
    </ClCompile>
    <ClCompile Include="collide_coarse.cpp">
      <Filter>Source Files</Filter>
    </ClCompile>
    <ClCompile Include="collide_fine.cpp">
      <Filter>Source Files</Filter>
    </ClCompile>
    <ClCompile Include="contacts.cpp">
      <Filter>Source Files</Filter>
    </ClCompile>
    <ClCompile Include="joints.cpp">
      <Filter>Source Files</Filter>
    </ClCompile>
    <ClCompile Include="app.cpp">
      <Filter>Source Files</Filter>
    </ClCompile>
    <ClCompile Include="car.cpp">
      <Filter>Demo</Filter>
    </ClCompile>
    <ClCompile Include="cradle.cpp">
      <Filter>Demo</Filter>
    </ClCompile>
    <ClCompile Include="pool.cpp">
      <Filter>Demo</Filter>
    </ClCompile>
    <ClCompile Include="sandBox.cpp">
      <Filter>Demo</Filter>
    </ClCompile>
    <ClCompile Include="bridge.cpp">
      <Filter>Demo</Filter>
    </ClCompile>
    <ClCompile Include="domino.cpp">
      <Filter>Demo</Filter>
    </ClCompile>
    <ClCompile Include="curtain.cpp">
      <Filter>Demo</Filter>
    </ClCompile>
    <ClCompile Include="piston.cpp">
      <Filter>Demo</Filter>
    </ClCompile>
  </ItemGroup>
  <ItemGroup>
    <Text Include="todo.txt">
      <Filter>Demo</Filter>
    </Text>
  </ItemGroup>
</Project>